
Microsoft Visual Studio Solution File, Format Version 12.00
# Visual Studio 15
VisualStudioVersion = 15.0.28307.421
MinimumVisualStudioVersion = 10.0.40219.1
Project("{FAE04EC0-301F-11D3-BF4B-00C04F79EFBC}") = "HostsUpdater", "HostsUpdater\HostsUpdater.csproj", "{607ACB1B-B7BD-4D5E-A3F7-08AB6AD780D6}"
EndProject
Global
	GlobalSection(SolutionConfigurationPlatforms) = preSolution
		Debug|Any CPU = Debug|Any CPU
		Release|Any CPU = Release|Any CPU
	EndGlobalSection
	GlobalSection(ProjectConfigurationPlatforms) = postSolution
		{607ACB1B-B7BD-4D5E-A3F7-08AB6AD780D6}.Debug|Any CPU.ActiveCfg = Debug|Any CPU
		{607ACB1B-B7BD-4D5E-A3F7-08AB6AD780D6}.Debug|Any CPU.Build.0 = Debug|Any CPU
		{607ACB1B-B7BD-4D5E-A3F7-08AB6AD780D6}.Release|Any CPU.ActiveCfg = Release|Any CPU
		{607ACB1B-B7BD-4D5E-A3F7-08AB6AD780D6}.Release|Any CPU.Build.0 = Release|Any CPU
	EndGlobalSection
	GlobalSection(SolutionProperties) = preSolution
		HideSolutionNode = FALSE
	EndGlobalSection
	GlobalSection(ExtensibilityGlobals) = postSolution
		SolutionGuid = {0AB062B6-CCE7-4771-9DDF-8BCD2591E0A5}
	EndGlobalSection
EndGlobal
